{
  "originHash" : "28edc60c85d9b49cb4a18b6e72427df1d6388d01d57773cd2a391c1b649b73de",
  "pins" : [
    {
      "identity" : "devicex-ios-distribution",
      "kind" : "remoteSourceControl",
      "location" : "https://github.com/gatekeeperx/devicex-ios-distribution.git",
      "state" : {
        "revision" : "65c1ca4a1ac67252ddf14e3d6aae42ddeede78a6",
        "version" : "1.0.10"
      }
    }
  ],
  "version" : 3
}
